
Microsoft Visual Studio Solution File, Format Version 12.00
# Visual Studio Version 17
VisualStudioVersion = 17.1.32210.238
MinimumVisualStudioVersion = 10.0.40219.1
Project("{FAE04EC0-301F-11D3-BF4B-00C04F79EFBC}") = "MyLinks", "MyLinks\MyLinks.csproj", "{2B35CD32-7545-482C-8C38-88CB0DB70FA5}"
EndProject
Global
	GlobalSection(SolutionConfigurationPlatforms) = preSolution
		Debug|Any CPU = Debug|Any CPU
		Debug|x64 = Debug|x64
		Release|Any CPU = Release|Any CPU
		Release|x64 = Release|x64
	EndGlobalSection
	GlobalSection(ProjectConfigurationPlatforms) = postSolution
		{2B35CD32-7545-482C-8C38-88CB0DB70FA5}.Debug|Any CPU.ActiveCfg = Debug|Any CPU
		{2B35CD32-7545-482C-8C38-88CB0DB70FA5}.Debug|Any CPU.Build.0 = Debug|Any CPU
		{2B35CD32-7545-482C-8C38-88CB0DB70FA5}.Debug|x64.ActiveCfg = Debug|x64
		{2B35CD32-7545-482C-8C38-88CB0DB70FA5}.Debug|x64.Build.0 = Debug|x64
		{2B35CD32-7545-482C-8C38-88CB0DB70FA5}.Release|Any CPU.ActiveCfg = Release|Any CPU
		{2B35CD32-7545-482C-8C38-88CB0DB70FA5}.Release|Any CPU.Build.0 = Release|Any CPU
		{2B35CD32-7545-482C-8C38-88CB0DB70FA5}.Release|x64.ActiveCfg = Release|x64
		{2B35CD32-7545-482C-8C38-88CB0DB70FA5}.Release|x64.Build.0 = Release|x64
	EndGlobalSection
	GlobalSection(SolutionProperties) = preSolution
		HideSolutionNode = FALSE
	EndGlobalSection
	GlobalSection(ExtensibilityGlobals) = postSolution
		SolutionGuid = {6F31598D-2FFD-495F-BE90-77B15B19D3E7}
	EndGlobalSection
EndGlobal
